
Microsoft Visual Studio Solution File, Format Version 12.00
# Visual Studio Version 17
VisualStudioVersion = 17.3.32901.215
MinimumVisualStudioVersion = 10.0.40219.1
Project("{FAE04EC0-301F-11D3-BF4B-00C04F79EFBC}") = "PaintExperimental", "PaintExperimental\PaintExperimental.csproj", "{9F0CC82A-3237-4B5D-BC1B-9DD33A305C0C}"
EndProject
Global
	GlobalSection(SolutionConfigurationPlatforms) = preSolution
		Debug|Any CPU = Debug|Any CPU
		Release|Any CPU = Release|Any CPU
	EndGlobalSection
	GlobalSection(ProjectConfigurationPlatforms) = postSolution
		{9F0CC82A-3237-4B5D-BC1B-9DD33A305C0C}.Debug|Any CPU.ActiveCfg = Debug|Any CPU
		{9F0CC82A-3237-4B5D-BC1B-9DD33A305C0C}.Debug|Any CPU.Build.0 = Debug|Any CPU
		{9F0CC82A-3237-4B5D-BC1B-9DD33A305C0C}.Release|Any CPU.ActiveCfg = Release|Any CPU
		{9F0CC82A-3237-4B5D-BC1B-9DD33A305C0C}.Release|Any CPU.Build.0 = Release|Any CPU
	EndGlobalSection
	GlobalSection(SolutionProperties) = preSolution
		HideSolutionNode = FALSE
	EndGlobalSection
	GlobalSection(ExtensibilityGlobals) = postSolution
		SolutionGuid = {C95C7951-05CC-45B0-BC5D-6A7F34615B45}
	EndGlobalSection
EndGlobal
